
Microsoft Visual Studio Solution File, Format Version 12.00
# Visual Studio Version 17
VisualStudioVersion = 17.10.35004.147
MinimumVisualStudioVersion = 10.0.40219.1
Project("{FAE04EC0-301F-11D3-BF4B-00C04F79EFBC}") = "TheVoid", "TheVoid.csproj", "{05A53965-EC1B-4E20-B5E9-2A7CED7A8BC8}"
EndProject
Global
	GlobalSection(SolutionConfigurationPlatforms) = preSolution
		Debug|Any CPU = Debug|Any CPU
		Release|Any CPU = Release|Any CPU
	EndGlobalSection
	GlobalSection(ProjectConfigurationPlatforms) = postSolution
		{05A53965-EC1B-4E20-B5E9-2A7CED7A8BC8}.Debug|Any CPU.ActiveCfg = Debug|Any CPU
		{05A53965-EC1B-4E20-B5E9-2A7CED7A8BC8}.Debug|Any CPU.Build.0 = Debug|Any CPU
		{05A53965-EC1B-4E20-B5E9-2A7CED7A8BC8}.Release|Any CPU.ActiveCfg = Release|Any CPU
		{05A53965-EC1B-4E20-B5E9-2A7CED7A8BC8}.Release|Any CPU.Build.0 = Release|Any CPU
	EndGlobalSection
	GlobalSection(SolutionProperties) = preSolution
		HideSolutionNode = FALSE
	EndGlobalSection
	GlobalSection(ExtensibilityGlobals) = postSolution
		SolutionGuid = {BBB073F9-14A5-4453-9E95-90D1B39044FE}
	EndGlobalSection
EndGlobal
